
Microsoft Visual Studio Solution File, Format Version 11.00
# Visual C# Express 2010
Project("{FAE04EC0-301F-11D3-BF4B-00C04F79EFBC}") = "MiniNote!", "MiniNote!\MiniNote!.csproj", "{41296AB5-AEC1-401C-831D-B155C7D08122}"
EndProject
Global
	GlobalSection(SolutionConfigurationPlatforms) = preSolution
		Debug|x86 = Debug|x86
		Release|x86 = Release|x86
		Description = Take Notes Easily!
	EndGlobalSection
	GlobalSection(ProjectConfigurationPlatforms) = postSolution
		{41296AB5-AEC1-401C-831D-B155C7D08122}.Debug|x86.ActiveCfg = Debug|x86
		{41296AB5-AEC1-401C-831D-B155C7D08122}.Debug|x86.Build.0 = Debug|x86
		{41296AB5-AEC1-401C-831D-B155C7D08122}.Release|x86.ActiveCfg = Release|x86
		{41296AB5-AEC1-401C-831D-B155C7D08122}.Release|x86.Build.0 = Release|x86
	EndGlobalSection
	GlobalSection(SolutionProperties) = preSolution
		HideSolutionNode = FALSE
	EndGlobalSection
EndGlobal
